{
  "name": "appsec-threat-emulation-tracing",
  "version": "1.0.0",
  "lockfileVersion": 3,
  "requires": true,
  "packages": {
    "": {
      "name": "appsec-threat-emulation-tracing",
      "version": "1.0.0",
      "license": "Apache-2.0",
      "dependencies": {
        "maxmind": "^5.0.6"
      }
    },
    "node_modules/maxmind": {
      "version": "5.0.6",
      "resolved": "https://registry.npmjs.org/maxmind/-/maxmind-5.0.6.tgz",
      "integrity": "sha512-5bvd/u+kIaTqaGM+xkXjatzQw1dQfSmlLggr2W1EKMyMxSgx2woZyusLpNpZ4DdPmL+1bbJWeo4LXsi6bC0Iew==",
      "license": "MIT",
      "dependencies": {
        "mmdb-lib": "3.0.2",
        "tiny-lru": "13.0.0"
      },
      "engines": {
        "node": ">=12",
        "npm": ">=6"
      }
    },
    "node_modules/mmdb-lib": {
      "version": "3.0.2",
      "resolved": "https://registry.npmjs.org/mmdb-lib/-/mmdb-lib-3.0.2.tgz",
      "integrity": "sha512-7e87vk0DdWT647wjcfEtWeMtjm+zVGqNohN/aeIymbUfjHQ2T4Sx5kM+1irVDBSloNC3CkGKxswdMoo8yhqTDg==",
      "license": "MIT",
      "engines": {
        "node": ">=10",
        "npm": ">=6"
      }
    },
    "node_modules/tiny-lru": {
      "version": "13.0.0",
      "resolved": "https://registry.npmjs.org/tiny-lru/-/tiny-lru-13.0.0.tgz",
      "integrity": "sha512-xDHxKKS1FdF0Tv2P+QT7IeSEg74K/8cEDzbv3Tv6UyHHUgBOjOiQiBp818MGj66dhurQus/IBcoAbwIKtSGc6Q==",
      "license": "BSD-3-Clause",
      "engines": {
        "node": ">=14"
      }
    }
  }
}
